// !$*UTF8*$!
{
	archiveVersion = 1;
	classes = {
	};
	objectVersion = 56;
	objects = {

/* Begin PBXBuildFile section */
		354A6B3229DA30650023F934 /* AppDelegate.swift in Sources */ = {isa = PBXBuildFile; fileRef = 354A6B3129DA30650023F934 /* AppDelegate.swift */; };
		354A6B3429DA30650023F934 /* SceneDelegate.swift in Sources */ = {isa = PBXBuildFile; fileRef = 354A6B3329DA30650023F934 /* SceneDelegate.swift */; };
		354A6B3629DA30650023F934 /* ViewController.swift in Sources */ = {isa = PBXBuildFile; fileRef = 354A6B3529DA30650023F934 /* ViewController.swift */; };
		354A6B3B29DA30660023F934 /* Assets.xcassets in Resources */ = {isa = PBXBuildFile; fileRef = 354A6B3A29DA30660023F934 /* Assets.xcassets */; };
		713E4A392A18D62E004F698B /* PerfectSquareNumberViewController.swift in Sources */ = {isa = PBXBuildFile; fileRef = 713E4A382A18D62E004F698B /* PerfectSquareNumberViewController.swift */; };
		713E4A3B2A18D648004F698B /* PerfectSquareNumberWebViewController.swift in Sources */ = {isa = PBXBuildFile; fileRef = 713E4A3A2A18D648004F698B /* PerfectSquareNumberWebViewController.swift */; };
		713E4A3E2A18D87E004F698B /* PrimeNumberViewController.swift in Sources */ = {isa = PBXBuildFile; fileRef = 713E4A3D2A18D87E004F698B /* PrimeNumberViewController.swift */; };
		713E4A412A18D88D004F698B /* TeachPrimeNumberViewController.swift in Sources */ = {isa = PBXBuildFile; fileRef = 713E4A402A18D88D004F698B /* TeachPrimeNumberViewController.swift */; };
		713E4A432A18D899004F698B /* PrimeNumberWebViewController.swift in Sources */ = {isa = PBXBuildFile; fileRef = 713E4A422A18D899004F698B /* PrimeNumberWebViewController.swift */; };
		714472FE2A0B056D00C658A1 /* NumberCollectionViewCell.swift in Sources */ = {isa = PBXBuildFile; fileRef = 714472FD2A0B056D00C658A1 /* NumberCollectionViewCell.swift */; };
		7154CBE72A18343400AC4015 /* MultiplesOfNumbersWebViewViewController.swift in Sources */ = {isa = PBXBuildFile; fileRef = 7154CBE62A18343400AC4015 /* MultiplesOfNumbersWebViewViewController.swift */; };
		7154CBEA2A18380300AC4015 /* TeachPerfectSquareNumberViewControllerViewController.swift in Sources */ = {isa = PBXBuildFile; fileRef = 7154CBE92A18380300AC4015 /* TeachPerfectSquareNumberViewControllerViewController.swift */; };
		71A566682A159654002EE9F7 /* MultiplesOfNumbersViewController.swift in Sources */ = {isa = PBXBuildFile; fileRef = 71A566672A159654002EE9F7 /* MultiplesOfNumbersViewController.swift */; };
		71A5666B2A159890002EE9F7 /* TeachMuutiplesOfNumbersViewController.swift in Sources */ = {isa = PBXBuildFile; fileRef = 71A5666A2A159890002EE9F7 /* TeachMuutiplesOfNumbersViewController.swift */; };
/* End PBXBuildFile section */

/* Begin PBXFileReference section */
		354A6B2E29DA30650023F934 /* GamesApp.app */ = {isa = PBXFileReference; explicitFileType = wrapper.application; includeInIndex = 0; path = GamesApp.app; sourceTree = BUILT_PRODUCTS_DIR; };
		354A6B3129DA30650023F934 /* AppDelegate.swift */ = {isa = PBXFileReference; lastKnownFileType = sourcecode.swift; path = AppDelegate.swift; sourceTree = "<group>"; };
		354A6B3329DA30650023F934 /* SceneDelegate.swift */ = {isa = PBXFileReference; lastKnownFileType = sourcecode.swift; path = SceneDelegate.swift; sourceTree = "<group>"; };
		354A6B3529DA30650023F934 /* ViewController.swift */ = {isa = PBXFileReference; lastKnownFileType = sourcecode.swift; path = ViewController.swift; sourceTree = "<group>"; };
		354A6B3A29DA30660023F934 /* Assets.xcassets */ = {isa = PBXFileReference; lastKnownFileType = folder.assetcatalog; path = Assets.xcassets; sourceTree = "<group>"; };
		354A6B3F29DA30660023F934 /* Info.plist */ = {isa = PBXFileReference; lastKnownFileType = text.plist.xml; path = Info.plist; sourceTree = "<group>"; };
		713E4A382A18D62E004F698B /* PerfectSquareNumberViewController.swift */ = {isa = PBXFileReference; lastKnownFileType = sourcecode.swift; path = PerfectSquareNumberViewController.swift; sourceTree = "<group>"; };
		713E4A3A2A18D648004F698B /* PerfectSquareNumberWebViewController.swift */ = {isa = PBXFileReference; lastKnownFileType = sourcecode.swift; path = PerfectSquareNumberWebViewController.swift; sourceTree = "<group>"; };
		713E4A3D2A18D87E004F698B /* PrimeNumberViewController.swift */ = {isa = PBXFileReference; lastKnownFileType = sourcecode.swift; path = PrimeNumberViewController.swift; sourceTree = "<group>"; };
		713E4A402A18D88D004F698B /* TeachPrimeNumberViewController.swift */ = {isa = PBXFileReference; lastKnownFileType = sourcecode.swift; path = TeachPrimeNumberViewController.swift; sourceTree = "<group>"; };
		713E4A422A18D899004F698B /* PrimeNumberWebViewController.swift */ = {isa = PBXFileReference; lastKnownFileType = sourcecode.swift; path = PrimeNumberWebViewController.swift; sourceTree = "<group>"; };
		714472FD2A0B056D00C658A1 /* NumberCollectionViewCell.swift */ = {isa = PBXFileReference; lastKnownFileType = sourcecode.swift; path = NumberCollectionViewCell.swift; sourceTree = "<group>"; };
		7154CBE62A18343400AC4015 /* MultiplesOfNumbersWebViewViewController.swift */ = {isa = PBXFileReference; lastKnownFileType = sourcecode.swift; path = MultiplesOfNumbersWebViewViewController.swift; sourceTree = "<group>"; };
		7154CBE92A18380300AC4015 /* TeachPerfectSquareNumberViewControllerViewController.swift */ = {isa = PBXFileReference; lastKnownFileType = sourcecode.swift; path = TeachPerfectSquareNumberViewControllerViewController.swift; sourceTree = "<group>"; };
		71A566672A159654002EE9F7 /* MultiplesOfNumbersViewController.swift */ = {isa = PBXFileReference; lastKnownFileType = sourcecode.swift; path = MultiplesOfNumbersViewController.swift; sourceTree = "<group>"; };
		71A5666A2A159890002EE9F7 /* TeachMuutiplesOfNumbersViewController.swift */ = {isa = PBXFileReference; lastKnownFileType = sourcecode.swift; path = TeachMuutiplesOfNumbersViewController.swift; sourceTree = "<group>"; };
/* End PBXFileReference section */

/* Begin PBXFrameworksBuildPhase section */
		354A6B2B29DA30650023F934 /* Frameworks */ = {
			isa = PBXFrameworksBuildPhase;
			buildActionMask = 2147483647;
			files = (
			);
			runOnlyForDeploymentPostprocessing = 0;
		};
/* End PBXFrameworksBuildPhase section */

/* Begin PBXGroup section */
		354A6B2529DA30650023F934 = {
			isa = PBXGroup;
			children = (
				354A6B3029DA30650023F934 /* GamesApp */,
				354A6B2F29DA30650023F934 /* Products */,
			);
			sourceTree = "<group>";
		};
		354A6B2F29DA30650023F934 /* Products */ = {
			isa = PBXGroup;
			children = (
				354A6B2E29DA30650023F934 /* GamesApp.app */,
			);
			name = Products;
			sourceTree = "<group>";
		};
		354A6B3029DA30650023F934 /* GamesApp */ = {
			isa = PBXGroup;
			children = (
				71A566662A1595DC002EE9F7 /* Resources */,
				714472FC2A0B053200C658A1 /* Extension */,
				714472FB2A0B052A00C658A1 /* Model */,
				714472FA2A0B052100C658A1 /* View */,
				714472F92A0B051B00C658A1 /* Controller */,
				354A6B3F29DA30660023F934 /* Info.plist */,
			);
			path = GamesApp;
			sourceTree = "<group>";
		};
		713E4A372A18D610004F698B /* Teach */ = {
			isa = PBXGroup;
			children = (
				7154CBE92A18380300AC4015 /* TeachPerfectSquareNumberViewControllerViewController.swift */,
			);
			path = Teach;
			sourceTree = "<group>";
		};
		713E4A3C2A18D85C004F698B /* Prime Number */ = {
			isa = PBXGroup;
			children = (
				713E4A3F2A18D881004F698B /* Teach */,
				713E4A3D2A18D87E004F698B /* PrimeNumberViewController.swift */,
				713E4A422A18D899004F698B /* PrimeNumberWebViewController.swift */,
			);
			path = "Prime Number";
			sourceTree = "<group>";
		};
		713E4A3F2A18D881004F698B /* Teach */ = {
			isa = PBXGroup;
			children = (
				713E4A402A18D88D004F698B /* TeachPrimeNumberViewController.swift */,
			);
			path = Teach;
			sourceTree = "<group>";
		};
		714472F92A0B051B00C658A1 /* Controller */ = {
			isa = PBXGroup;
			children = (
				713E4A3C2A18D85C004F698B /* Prime Number */,
				7154CBE82A1837D800AC4015 /* Perfect Square Number */,
				7154CBE52A1833F900AC4015 /* MultiplesOfNumbers */,
				354A6B3529DA30650023F934 /* ViewController.swift */,
			);
			path = Controller;
			sourceTree = "<group>";
		};
		714472FA2A0B052100C658A1 /* View */ = {
			isa = PBXGroup;
			children = (
				714472FD2A0B056D00C658A1 /* NumberCollectionViewCell.swift */,
			);
			path = View;
			sourceTree = "<group>";
		};
		714472FB2A0B052A00C658A1 /* Model */ = {
			isa = PBXGroup;
			children = (
			);
			path = Model;
			sourceTree = "<group>";
		};
		714472FC2A0B053200C658A1 /* Extension */ = {
			isa = PBXGroup;
			children = (
			);
			path = Extension;
			sourceTree = "<group>";
		};
		7154CBE52A1833F900AC4015 /* MultiplesOfNumbers */ = {
			isa = PBXGroup;
			children = (
				71A566672A159654002EE9F7 /* MultiplesOfNumbersViewController.swift */,
				7154CBE62A18343400AC4015 /* MultiplesOfNumbersWebViewViewController.swift */,
				71A566692A159879002EE9F7 /* Teach */,
			);
			path = MultiplesOfNumbers;
			sourceTree = "<group>";
		};
		7154CBE82A1837D800AC4015 /* Perfect Square Number */ = {
			isa = PBXGroup;
			children = (
				713E4A372A18D610004F698B /* Teach */,
				713E4A382A18D62E004F698B /* PerfectSquareNumberViewController.swift */,
				713E4A3A2A18D648004F698B /* PerfectSquareNumberWebViewController.swift */,
			);
			path = "Perfect Square Number";
			sourceTree = "<group>";
		};
		71A566662A1595DC002EE9F7 /* Resources */ = {
			isa = PBXGroup;
			children = (
				354A6B3329DA30650023F934 /* SceneDelegate.swift */,
				354A6B3129DA30650023F934 /* AppDelegate.swift */,
				354A6B3A29DA30660023F934 /* Assets.xcassets */,
			);
			path = Resources;
			sourceTree = "<group>";
		};
		71A566692A159879002EE9F7 /* Teach */ = {
			isa = PBXGroup;
			children = (
				71A5666A2A159890002EE9F7 /* TeachMuutiplesOfNumbersViewController.swift */,
			);
			path = Teach;
			sourceTree = "<group>";
		};
/* End PBXGroup section */

/* Begin PBXNativeTarget section */
		354A6B2D29DA30650023F934 /* GamesApp */ = {
			isa = PBXNativeTarget;
			buildConfigurationList = 354A6B4229DA30660023F934 /* Build configuration list for PBXNativeTarget "GamesApp" */;
			buildPhases = (
				354A6B2A29DA30650023F934 /* Sources */,
				354A6B2B29DA30650023F934 /* Frameworks */,
				354A6B2C29DA30650023F934 /* Resources */,
			);
			buildRules = (
			);
			dependencies = (
			);
			name = GamesApp;
			productName = GamesApp;
			productReference = 354A6B2E29DA30650023F934 /* GamesApp.app */;
			productType = "com.apple.product-type.application";
		};
/* End PBXNativeTarget section */

/* Begin PBXProject section */
		354A6B2629DA30650023F934 /* Project object */ = {
			isa = PBXProject;
			attributes = {
				BuildIndependentTargetsInParallel = 1;
				LastSwiftUpdateCheck = 1410;
				LastUpgradeCheck = 1410;
				TargetAttributes = {
					354A6B2D29DA30650023F934 = {
						CreatedOnToolsVersion = 14.1;
					};
				};
			};
			buildConfigurationList = 354A6B2929DA30650023F934 /* Build configuration list for PBXProject "GamesApp" */;
			compatibilityVersion = "Xcode 14.0";
			developmentRegion = en;
			hasScannedForEncodings = 0;
			knownRegions = (
				en,
				Base,
			);
			mainGroup = 354A6B2529DA30650023F934;
			productRefGroup = 354A6B2F29DA30650023F934 /* Products */;
			projectDirPath = "";
			projectRoot = "";
			targets = (
				354A6B2D29DA30650023F934 /* GamesApp */,
			);
		};
/* End PBXProject section */

/* Begin PBXResourcesBuildPhase section */
		354A6B2C29DA30650023F934 /* Resources */ = {
			isa = PBXResourcesBuildPhase;
			buildActionMask = 2147483647;
			files = (
				354A6B3B29DA30660023F934 /* Assets.xcassets in Resources */,
			);
			runOnlyForDeploymentPostprocessing = 0;
		};
/* End PBXResourcesBuildPhase section */

/* Begin PBXSourcesBuildPhase section */
		354A6B2A29DA30650023F934 /* Sources */ = {
			isa = PBXSourcesBuildPhase;
			buildActionMask = 2147483647;
			files = (
				354A6B3629DA30650023F934 /* ViewController.swift in Sources */,
				71A566682A159654002EE9F7 /* MultiplesOfNumbersViewController.swift in Sources */,
				713E4A392A18D62E004F698B /* PerfectSquareNumberViewController.swift in Sources */,
				713E4A432A18D899004F698B /* PrimeNumberWebViewController.swift in Sources */,
				713E4A3E2A18D87E004F698B /* PrimeNumberViewController.swift in Sources */,
				714472FE2A0B056D00C658A1 /* NumberCollectionViewCell.swift in Sources */,
				7154CBEA2A18380300AC4015 /* TeachPerfectSquareNumberViewControllerViewController.swift in Sources */,
				71A5666B2A159890002EE9F7 /* TeachMuutiplesOfNumbersViewController.swift in Sources */,
				354A6B3229DA30650023F934 /* AppDelegate.swift in Sources */,
				7154CBE72A18343400AC4015 /* MultiplesOfNumbersWebViewViewController.swift in Sources */,
				713E4A412A18D88D004F698B /* TeachPrimeNumberViewController.swift in Sources */,
				354A6B3429DA30650023F934 /* SceneDelegate.swift in Sources */,
				713E4A3B2A18D648004F698B /* PerfectSquareNumberWebViewController.swift in Sources */,
			);
			runOnlyForDeploymentPostprocessing = 0;
		};
/* End PBXSourcesBuildPhase section */

/* Begin XCBuildConfiguration section */
		354A6B4029DA30660023F934 /* Debug */ = {
			isa = XCBuildConfiguration;
			buildSettings = {
				ALWAYS_SEARCH_USER_PATHS = NO;
				CLANG_ANALYZER_NONNULL = YES;
				CLANG_ANALYZER_NUMBER_OBJECT_CONVERSION = YES_AGGRESSIVE;
				CLANG_CXX_LANGUAGE_STANDARD = "gnu++20";
				CLANG_ENABLE_MODULES = YES;
				CLANG_ENABLE_OBJC_ARC = YES;
				CLANG_ENABLE_OBJC_WEAK = YES;
				CLANG_WARN_BLOCK_CAPTURE_AUTORELEASING = YES;
				CLANG_WARN_BOOL_CONVERSION = YES;
				CLANG_WARN_COMMA = YES;
				CLANG_WARN_CONSTANT_CONVERSION = YES;
				CLANG_WARN_DEPRECATED_OBJC_IMPLEMENTATIONS = YES;
				CLANG_WARN_DIRECT_OBJC_ISA_USAGE = YES_ERROR;
				CLANG_WARN_DOCUMENTATION_COMMENTS = YES;
				CLANG_WARN_EMPTY_BODY = YES;
				CLANG_WARN_ENUM_CONVERSION = YES;
				CLANG_WARN_INFINITE_RECURSION = YES;
				CLANG_WARN_INT_CONVERSION = YES;
				CLANG_WARN_NON_LITERAL_NULL_CONVERSION = YES;
				CLANG_WARN_OBJC_IMPLICIT_RETAIN_SELF = YES;
				CLANG_WARN_OBJC_LITERAL_CONVERSION = YES;
				CLANG_WARN_OBJC_ROOT_CLASS = YES_ERROR;
				CLANG_WARN_QUOTED_INCLUDE_IN_FRAMEWORK_HEADER = YES;
				CLANG_WARN_RANGE_LOOP_ANALYSIS = YES;
				CLANG_WARN_STRICT_PROTOTYPES = YES;
				CLANG_WARN_SUSPICIOUS_MOVE = YES;
				CLANG_WARN_UNGUARDED_AVAILABILITY = YES_AGGRESSIVE;
				CLANG_WARN_UNREACHABLE_CODE = YES;
				CLANG_WARN__DUPLICATE_METHOD_MATCH = YES;
				COPY_PHASE_STRIP = NO;
				DEBUG_INFORMATION_FORMAT = dwarf;
				ENABLE_STRICT_OBJC_MSGSEND = YES;
				ENABLE_TESTABILITY = YES;
				GCC_C_LANGUAGE_STANDARD = gnu11;
				GCC_DYNAMIC_NO_PIC = NO;
				GCC_NO_COMMON_BLOCKS = YES;
				GCC_OPTIMIZATION_LEVEL = 0;
				GCC_PREPROCESSOR_DEFINITIONS = (
					"DEBUG=1",
					"$(inherited)",
				);
				GCC_WARN_64_TO_32_BIT_CONVERSION = YES;
				GCC_WARN_ABOUT_RETURN_TYPE = YES_ERROR;
				GCC_WARN_UNDECLARED_SELECTOR = YES;
				GCC_WARN_UNINITIALIZED_AUTOS = YES_AGGRESSIVE;
				GCC_WARN_UNUSED_FUNCTION = YES;
				GCC_WARN_UNUSED_VARIABLE = YES;
				IPHONEOS_DEPLOYMENT_TARGET = 16.1;
				MTL_ENABLE_DEBUG_INFO = INCLUDE_SOURCE;
				MTL_FAST_MATH = YES;
				ONLY_ACTIVE_ARCH = YES;
				SDKROOT = iphoneos;
				SWIFT_ACTIVE_COMPILATION_CONDITIONS = DEBUG;
				SWIFT_OPTIMIZATION_LEVEL = "-Onone";
			};
			name = Debug;
		};
		354A6B4129DA30660023F934 /* Release */ = {
			isa = XCBuildConfiguration;
			buildSettings = {
				ALWAYS_SEARCH_USER_PATHS = NO;
				CLANG_ANALYZER_NONNULL = YES;
				CLANG_ANALYZER_NUMBER_OBJECT_CONVERSION = YES_AGGRESSIVE;
				CLANG_CXX_LANGUAGE_STANDARD = "gnu++20";
				CLANG_ENABLE_MODULES = YES;
				CLANG_ENABLE_OBJC_ARC = YES;
				CLANG_ENABLE_OBJC_WEAK = YES;
				CLANG_WARN_BLOCK_CAPTURE_AUTORELEASING = YES;
				CLANG_WARN_BOOL_CONVERSION = YES;
				CLANG_WARN_COMMA = YES;
				CLANG_WARN_CONSTANT_CONVERSION = YES;
				CLANG_WARN_DEPRECATED_OBJC_IMPLEMENTATIONS = YES;
				CLANG_WARN_DIRECT_OBJC_ISA_USAGE = YES_ERROR;
				CLANG_WARN_DOCUMENTATION_COMMENTS = YES;
				CLANG_WARN_EMPTY_BODY = YES;
				CLANG_WARN_ENUM_CONVERSION = YES;
				CLANG_WARN_INFINITE_RECURSION = YES;
				CLANG_WARN_INT_CONVERSION = YES;
				CLANG_WARN_NON_LITERAL_NULL_CONVERSION = YES;
				CLANG_WARN_OBJC_IMPLICIT_RETAIN_SELF = YES;
				CLANG_WARN_OBJC_LITERAL_CONVERSION = YES;
				CLANG_WARN_OBJC_ROOT_CLASS = YES_ERROR;
				CLANG_WARN_QUOTED_INCLUDE_IN_FRAMEWORK_HEADER = YES;
				CLANG_WARN_RANGE_LOOP_ANALYSIS = YES;
				CLANG_WARN_STRICT_PROTOTYPES = YES;
				CLANG_WARN_SUSPICIOUS_MOVE = YES;
				CLANG_WARN_UNGUARDED_AVAILABILITY = YES_AGGRESSIVE;
				CLANG_WARN_UNREACHABLE_CODE = YES;
				CLANG_WARN__DUPLICATE_METHOD_MATCH = YES;
				COPY_PHASE_STRIP = NO;
				DEBUG_INFORMATION_FORMAT = "dwarf-with-dsym";
				ENABLE_NS_ASSERTIONS = NO;
				ENABLE_STRICT_OBJC_MSGSEND = YES;
				GCC_C_LANGUAGE_STANDARD = gnu11;
				GCC_NO_COMMON_BLOCKS = YES;
				GCC_WARN_64_TO_32_BIT_CONVERSION = YES;
				GCC_WARN_ABOUT_RETURN_TYPE = YES_ERROR;
				GCC_WARN_UNDECLARED_SELECTOR = YES;
				GCC_WARN_UNINITIALIZED_AUTOS = YES_AGGRESSIVE;
				GCC_WARN_UNUSED_FUNCTION = YES;
				GCC_WARN_UNUSED_VARIABLE = YES;
				IPHONEOS_DEPLOYMENT_TARGET = 16.1;
				MTL_ENABLE_DEBUG_INFO = NO;
				MTL_FAST_MATH = YES;
				SDKROOT = iphoneos;
				SWIFT_COMPILATION_MODE = wholemodule;
				SWIFT_OPTIMIZATION_LEVEL = "-O";
				VALIDATE_PRODUCT = YES;
			};
			name = Release;
		};
		354A6B4329DA30660023F934 /* Debug */ = {
			isa = XCBuildConfiguration;
			buildSettings = {
				ASSETCATALOG_COMPILER_APPICON_NAME = AppIcon;
				ASSETCATALOG_COMPILER_GLOBAL_ACCENT_COLOR_NAME = AccentColor;
				CODE_SIGN_STYLE = Automatic;
				CURRENT_PROJECT_VERSION = 1;
				DEVELOPMENT_TEAM = BS5VLXVPLJ;
				GENERATE_INFOPLIST_FILE = YES;
				INFOPLIST_FILE = GamesApp/Info.plist;
				INFOPLIST_KEY_UIApplicationSupportsIndirectInputEvents = YES;
				INFOPLIST_KEY_UILaunchStoryboardName = LaunchScreen;
				INFOPLIST_KEY_UISupportedInterfaceOrientations_iPad = "UIInterfaceOrientationPortrait UIInterfaceOrientationPortraitUpsideDown UIInterfaceOrientationLandscapeLeft UIInterfaceOrientationLandscapeRight";
				INFOPLIST_KEY_UISupportedInterfaceOrientations_iPhone = "UIInterfaceOrientationPortrait UIInterfaceOrientationLandscapeLeft UIInterfaceOrientationLandscapeRight";
				LD_RUNPATH_SEARCH_PATHS = (
					"$(inherited)",
					"@executable_path/Frameworks",
				);
				MARKETING_VERSION = 1.0;
				PRODUCT_BUNDLE_IDENTIFIER = com.ornek.GamesApp;
				PRODUCT_NAME = "$(TARGET_NAME)";
				SWIFT_EMIT_LOC_STRINGS = YES;
				SWIFT_VERSION = 5.0;
				TARGETED_DEVICE_FAMILY = "1,2";
			};
			name = Debug;
		};
		354A6B4429DA30660023F934 /* Release */ = {
			isa = XCBuildConfiguration;
			buildSettings = {
				ASSETCATALOG_COMPILER_APPICON_NAME = AppIcon;
				ASSETCATALOG_COMPILER_GLOBAL_ACCENT_COLOR_NAME = AccentColor;
				CODE_SIGN_STYLE = Automatic;
				CURRENT_PROJECT_VERSION = 1;
				DEVELOPMENT_TEAM = BS5VLXVPLJ;
				GENERATE_INFOPLIST_FILE = YES;
				INFOPLIST_FILE = GamesApp/Info.plist;
				INFOPLIST_KEY_UIApplicationSupportsIndirectInputEvents = YES;
				INFOPLIST_KEY_UILaunchStoryboardName = LaunchScreen;
				INFOPLIST_KEY_UISupportedInterfaceOrientations_iPad = "UIInterfaceOrientationPortrait UIInterfaceOrientationPortraitUpsideDown UIInterfaceOrientationLandscapeLeft UIInterfaceOrientationLandscapeRight";
				INFOPLIST_KEY_UISupportedInterfaceOrientations_iPhone = "UIInterfaceOrientationPortrait UIInterfaceOrientationLandscapeLeft UIInterfaceOrientationLandscapeRight";
				LD_RUNPATH_SEARCH_PATHS = (
					"$(inherited)",
					"@executable_path/Frameworks",
				);
				MARKETING_VERSION = 1.0;
				PRODUCT_BUNDLE_IDENTIFIER = com.ornek.GamesApp;
				PRODUCT_NAME = "$(TARGET_NAME)";
				SWIFT_EMIT_LOC_STRINGS = YES;
				SWIFT_VERSION = 5.0;
				TARGETED_DEVICE_FAMILY = "1,2";
			};
			name = Release;
		};
/* End XCBuildConfiguration section */

/* Begin XCConfigurationList section */
		354A6B2929DA30650023F934 /* Build configuration list for PBXProject "GamesApp" */ = {
			isa = XCConfigurationList;
			buildConfigurations = (
				354A6B4029DA30660023F934 /* Debug */,
				354A6B4129DA30660023F934 /* Release */,
			);
			defaultConfigurationIsVisible = 0;
			defaultConfigurationName = Release;
		};
		354A6B4229DA30660023F934 /* Build configuration list for PBXNativeTarget "GamesApp" */ = {
			isa = XCConfigurationList;
			buildConfigurations = (
				354A6B4329DA30660023F934 /* Debug */,
				354A6B4429DA30660023F934 /* Release */,
			);
			defaultConfigurationIsVisible = 0;
			defaultConfigurationName = Release;
		};
/* End XCConfigurationList section */
	};
	rootObject = 354A6B2629DA30650023F934 /* Project object */;
}
